
Microsoft Visual Studio Solution File, Format Version 12.00
# Visual Studio Version 17
VisualStudioVersion = 17.5.33516.290
MinimumVisualStudioVersion = 10.0.40219.1
Project("{FAE04EC0-301F-11D3-BF4B-00C04F79EFBC}") = "WPF Calculator Homework", "WPF Calculator Homework\WPF Calculator Homework.csproj", "{BC072EEF-11D5-4D2E-B17A-4E8DC1186FB3}"
EndProject
Global
	GlobalSection(SolutionConfigurationPlatforms) = preSolution
		Debug|Any CPU = Debug|Any CPU
		Release|Any CPU = Release|Any CPU
	EndGlobalSection
	GlobalSection(ProjectConfigurationPlatforms) = postSolution
		{BC072EEF-11D5-4D2E-B17A-4E8DC1186FB3}.Debug|Any CPU.ActiveCfg = Debug|Any CPU
		{BC072EEF-11D5-4D2E-B17A-4E8DC1186FB3}.Debug|Any CPU.Build.0 = Debug|Any CPU
		{BC072EEF-11D5-4D2E-B17A-4E8DC1186FB3}.Release|Any CPU.ActiveCfg = Release|Any CPU
		{BC072EEF-11D5-4D2E-B17A-4E8DC1186FB3}.Release|Any CPU.Build.0 = Release|Any CPU
	EndGlobalSection
	GlobalSection(SolutionProperties) = preSolution
		HideSolutionNode = FALSE
	EndGlobalSection
	GlobalSection(ExtensibilityGlobals) = postSolution
		SolutionGuid = {125D5525-25A9-4C40-88BA-5ED64EBD7CB9}
	EndGlobalSection
EndGlobal
